
Microsoft Visual Studio Solution File, Format Version 12.00
# Visual Studio Version 17
VisualStudioVersion = 17.4.33110.190
MinimumVisualStudioVersion = 10.0.40219.1
Project("{FAE04EC0-301F-11D3-BF4B-00C04F79EFBC}") = "AutoParts_ShopAndForum_System", "AutoParts_ShopAndForum_System\AutoParts_ShopAndForum_System.csproj", "{D29A459C-8B1B-47CE-8A0C-A0FF3499622D}"
EndProject
Global
	GlobalSection(SolutionConfigurationPlatforms) = preSolution
		Debug|Any CPU = Debug|Any CPU
		Release|Any CPU = Release|Any CPU
	EndGlobalSection
	GlobalSection(ProjectConfigurationPlatforms) = postSolution
		{D29A459C-8B1B-47CE-8A0C-A0FF3499622D}.Debug|Any CPU.ActiveCfg = Debug|Any CPU
		{D29A459C-8B1B-47CE-8A0C-A0FF3499622D}.Debug|Any CPU.Build.0 = Debug|Any CPU
		{D29A459C-8B1B-47CE-8A0C-A0FF3499622D}.Release|Any CPU.ActiveCfg = Release|Any CPU
		{D29A459C-8B1B-47CE-8A0C-A0FF3499622D}.Release|Any CPU.Build.0 = Release|Any CPU
	EndGlobalSection
	GlobalSection(SolutionProperties) = preSolution
		HideSolutionNode = FALSE
	EndGlobalSection
	GlobalSection(ExtensibilityGlobals) = postSolution
		SolutionGuid = {FA87C4B9-AB48-46A7-8DCE-AC0EB87210D4}
	EndGlobalSection
EndGlobal
